
Microsoft Visual Studio Solution File, Format Version 12.00
# Visual Studio Version 16
VisualStudioVersion = 16.0.29613.14
MinimumVisualStudioVersion = 10.0.40219.1
Project("{FAE04EC0-301F-11D3-BF4B-00C04F79EFBC}") = "GoogleApiImageUploader", "GoogleApiImageUploader\GoogleApiImageUploader.csproj", "{FCCD9EF6-10FD-43C9-9111-66EC236EA4B3}"
EndProject
Global
	GlobalSection(SolutionConfigurationPlatforms) = preSolution
		Debug|Any CPU = Debug|Any CPU
		Release|Any CPU = Release|Any CPU
	EndGlobalSection
	GlobalSection(ProjectConfigurationPlatforms) = postSolution
		{FCCD9EF6-10FD-43C9-9111-66EC236EA4B3}.Debug|Any CPU.ActiveCfg = Debug|Any CPU
		{FCCD9EF6-10FD-43C9-9111-66EC236EA4B3}.Debug|Any CPU.Build.0 = Debug|Any CPU
		{FCCD9EF6-10FD-43C9-9111-66EC236EA4B3}.Release|Any CPU.ActiveCfg = Release|Any CPU
		{FCCD9EF6-10FD-43C9-9111-66EC236EA4B3}.Release|Any CPU.Build.0 = Release|Any CPU
	EndGlobalSection
	GlobalSection(SolutionProperties) = preSolution
		HideSolutionNode = FALSE
	EndGlobalSection
	GlobalSection(ExtensibilityGlobals) = postSolution
		SolutionGuid = {C010A22F-07F7-40DD-9496-C350D98B7FDD}
	EndGlobalSection
EndGlobal
